
Microsoft Visual Studio Solution File, Format Version 12.00
# Visual Studio Version 17
VisualStudioVersion = 17.12.35707.178
MinimumVisualStudioVersion = 10.0.40219.1
Project("{2150E333-8FDC-42A3-9474-1A3956D46DE8}") = "API", "API", "{4DAEB1F6-AA47-45CB-9749-5876DC010ACB}"
EndProject
Project("{2150E333-8FDC-42A3-9474-1A3956D46DE8}") = "Core", "Core", "{F1D6EFF6-8E02-419D-B717-7FDDB6A232D4}"
EndProject
Project("{2150E333-8FDC-42A3-9474-1A3956D46DE8}") = "Infrastructure", "Infrastructure", "{EEDBEBB3-CA58-4585-B5A0-4FF5EDDC9CD7}"
EndProject
Project("{FAE04EC0-301F-11D3-BF4B-00C04F79EFBC}") = "DaDashboard.API", "API\DaDashboard.API\DaDashboard.API.csproj", "{FF8A4A44-A470-4100-8FB6-51CF9352B88F}"
EndProject
Project("{FAE04EC0-301F-11D3-BF4B-00C04F79EFBC}") = "DaDashboard.Domain", "Core\DaDashboard.Domain\DaDashboard.Domain.csproj", "{CED977F3-616E-47C4-B666-7F7F8331DBFA}"
EndProject
Project("{FAE04EC0-301F-11D3-BF4B-00C04F79EFBC}") = "DaDashboard.Application", "Core\DaDashboard.Application\DaDashboard.Application.csproj", "{22E7413C-2A63-424B-B36C-2BED48EC3154}"
EndProject
Project("{FAE04EC0-301F-11D3-BF4B-00C04F79EFBC}") = "DaDashboard.Persistence", "Infrastructure\DaDashboard.Persistence\DaDashboard.Persistence.csproj", "{FA671E6B-7CF9-4A47-AB8B-12151030F8F7}"
EndProject
Project("{2150E333-8FDC-42A3-9474-1A3956D46DE8}") = "Solution Items", "Solution Items", "{9A467D8F-3F22-470F-AC75-14DF3AD54AD9}"
	ProjectSection(SolutionItems) = preProject
		README.md = README.md
		test.txt = test.txt
	EndProjectSection
EndProject
Project("{FAE04EC0-301F-11D3-BF4B-00C04F79EFBC}") = "DaDashboard.GraphQL", "DaDashboard.GraphQL\DaDashboard.GraphQL.csproj", "{CE05CB42-1661-4E84-A981-6FDA412885A7}"
EndProject
Project("{FAE04EC0-301F-11D3-BF4B-00C04F79EFBC}") = "DaDashboard.GraphQL.Consumer", "API\DaDashboard.GraphQL.Consumer\DaDashboard.GraphQL.Consumer.csproj", "{AA879DF0-313F-49B3-AEEA-77E6AC597F26}"
EndProject
Project("{2150E333-8FDC-42A3-9474-1A3956D46DE8}") = "Tests", "Tests", "{6C876BF1-55A9-44AE-BBD3-AF1CBF26D650}"
EndProject
Project("{FAE04EC0-301F-11D3-BF4B-00C04F79EFBC}") = "DaDashboard.Application.Tests", "Tests\DaDashboard.Application.Tests\DaDashboard.Application.Tests.csproj", "{8A414CC6-2515-4E91-AB92-6840A60258D2}"
EndProject
Project("{FAE04EC0-301F-11D3-BF4B-00C04F79EFBC}") = "DataLoadStatistics.API", "API\DataLoadStatistics.API\DataLoadStatistics.API.csproj", "{C10B1F37-E31A-49C3-96F4-D84B9DD9FCAF}"
EndProject
Project("{FAE04EC0-301F-11D3-BF4B-00C04F79EFBC}") = "DaDashboard.DataLoadStatistics.Service", "Infrastructure\DaDashboard.DataLoadStatistics.Service\DaDashboard.DataLoadStatistics.Service.csproj", "{EA27CAE1-DBB8-4AC7-8F49-C942B5E09C93}"
EndProject
Project("{FAE04EC0-301F-11D3-BF4B-00C04F79EFBC}") = "DaDashboard.Persistence.Tests", "Tests\DaDashboard.Persistence.Tests\DaDashboard.Persistence.Tests.csproj", "{426AB930-1363-4A69-991C-52221D88C9B5}"
EndProject
Project("{FAE04EC0-301F-11D3-BF4B-00C04F79EFBC}") = "DaDashboard.DataLoadStatistics.Service.Tests", "Tests\DaDashboard.DataLoadStatistics.Service.Tests\DaDashboard.DataLoadStatistics.Service.Tests.csproj", "{8C922EEB-ACBE-4066-BE55-A58198BF634E}"
EndProject
Global
	GlobalSection(SolutionConfigurationPlatforms) = preSolution
		Debug|Any CPU = Debug|Any CPU
		Debug|x64 = Debug|x64
		Debug|x86 = Debug|x86
		Release|Any CPU = Release|Any CPU
		Release|x64 = Release|x64
		Release|x86 = Release|x86
	EndGlobalSection
	GlobalSection(ProjectConfigurationPlatforms) = postSolution
		{FF8A4A44-A470-4100-8FB6-51CF9352B88F}.Debug|Any CPU.ActiveCfg = Debug|Any CPU
		{FF8A4A44-A470-4100-8FB6-51CF9352B88F}.Debug|Any CPU.Build.0 = Debug|Any CPU
		{FF8A4A44-A470-4100-8FB6-51CF9352B88F}.Debug|x64.ActiveCfg = Debug|Any CPU
		{FF8A4A44-A470-4100-8FB6-51CF9352B88F}.Debug|x64.Build.0 = Debug|Any CPU
		{FF8A4A44-A470-4100-8FB6-51CF9352B88F}.Debug|x86.ActiveCfg = Debug|Any CPU
		{FF8A4A44-A470-4100-8FB6-51CF9352B88F}.Debug|x86.Build.0 = Debug|Any CPU
		{FF8A4A44-A470-4100-8FB6-51CF9352B88F}.Release|Any CPU.ActiveCfg = Release|Any CPU
		{FF8A4A44-A470-4100-8FB6-51CF9352B88F}.Release|Any CPU.Build.0 = Release|Any CPU
		{FF8A4A44-A470-4100-8FB6-51CF9352B88F}.Release|x64.ActiveCfg = Release|Any CPU
		{FF8A4A44-A470-4100-8FB6-51CF9352B88F}.Release|x64.Build.0 = Release|Any CPU
		{FF8A4A44-A470-4100-8FB6-51CF9352B88F}.Release|x86.ActiveCfg = Release|Any CPU
		{FF8A4A44-A470-4100-8FB6-51CF9352B88F}.Release|x86.Build.0 = Release|Any CPU
		{CED977F3-616E-47C4-B666-7F7F8331DBFA}.Debug|Any CPU.ActiveCfg = Debug|Any CPU
		{CED977F3-616E-47C4-B666-7F7F8331DBFA}.Debug|Any CPU.Build.0 = Debug|Any CPU
		{CED977F3-616E-47C4-B666-7F7F8331DBFA}.Debug|x64.ActiveCfg = Debug|Any CPU
		{CED977F3-616E-47C4-B666-7F7F8331DBFA}.Debug|x64.Build.0 = Debug|Any CPU
		{CED977F3-616E-47C4-B666-7F7F8331DBFA}.Debug|x86.ActiveCfg = Debug|Any CPU
		{CED977F3-616E-47C4-B666-7F7F8331DBFA}.Debug|x86.Build.0 = Debug|Any CPU
		{CED977F3-616E-47C4-B666-7F7F8331DBFA}.Release|Any CPU.ActiveCfg = Release|Any CPU
		{CED977F3-616E-47C4-B666-7F7F8331DBFA}.Release|Any CPU.Build.0 = Release|Any CPU
		{CED977F3-616E-47C4-B666-7F7F8331DBFA}.Release|x64.ActiveCfg = Release|Any CPU
		{CED977F3-616E-47C4-B666-7F7F8331DBFA}.Release|x64.Build.0 = Release|Any CPU
		{CED977F3-616E-47C4-B666-7F7F8331DBFA}.Release|x86.ActiveCfg = Release|Any CPU
		{CED977F3-616E-47C4-B666-7F7F8331DBFA}.Release|x86.Build.0 = Release|Any CPU
		{22E7413C-2A63-424B-B36C-2BED48EC3154}.Debug|Any CPU.ActiveCfg = Debug|Any CPU
		{22E7413C-2A63-424B-B36C-2BED48EC3154}.Debug|Any CPU.Build.0 = Debug|Any CPU
		{22E7413C-2A63-424B-B36C-2BED48EC3154}.Debug|x64.ActiveCfg = Debug|Any CPU
		{22E7413C-2A63-424B-B36C-2BED48EC3154}.Debug|x64.Build.0 = Debug|Any CPU
		{22E7413C-2A63-424B-B36C-2BED48EC3154}.Debug|x86.ActiveCfg = Debug|Any CPU
		{22E7413C-2A63-424B-B36C-2BED48EC3154}.Debug|x86.Build.0 = Debug|Any CPU
		{22E7413C-2A63-424B-B36C-2BED48EC3154}.Release|Any CPU.ActiveCfg = Release|Any CPU
		{22E7413C-2A63-424B-B36C-2BED48EC3154}.Release|Any CPU.Build.0 = Release|Any CPU
		{22E7413C-2A63-424B-B36C-2BED48EC3154}.Release|x64.ActiveCfg = Release|Any CPU
		{22E7413C-2A63-424B-B36C-2BED48EC3154}.Release|x64.Build.0 = Release|Any CPU
		{22E7413C-2A63-424B-B36C-2BED48EC3154}.Release|x86.ActiveCfg = Release|Any CPU
		{22E7413C-2A63-424B-B36C-2BED48EC3154}.Release|x86.Build.0 = Release|Any CPU
		{FA671E6B-7CF9-4A47-AB8B-12151030F8F7}.Debug|Any CPU.ActiveCfg = Debug|Any CPU
		{FA671E6B-7CF9-4A47-AB8B-12151030F8F7}.Debug|Any CPU.Build.0 = Debug|Any CPU
		{FA671E6B-7CF9-4A47-AB8B-12151030F8F7}.Debug|x64.ActiveCfg = Debug|Any CPU
		{FA671E6B-7CF9-4A47-AB8B-12151030F8F7}.Debug|x64.Build.0 = Debug|Any CPU
		{FA671E6B-7CF9-4A47-AB8B-12151030F8F7}.Debug|x86.ActiveCfg = Debug|Any CPU
		{FA671E6B-7CF9-4A47-AB8B-12151030F8F7}.Debug|x86.Build.0 = Debug|Any CPU
		{FA671E6B-7CF9-4A47-AB8B-12151030F8F7}.Release|Any CPU.ActiveCfg = Release|Any CPU
		{FA671E6B-7CF9-4A47-AB8B-12151030F8F7}.Release|Any CPU.Build.0 = Release|Any CPU
		{FA671E6B-7CF9-4A47-AB8B-12151030F8F7}.Release|x64.ActiveCfg = Release|Any CPU
		{FA671E6B-7CF9-4A47-AB8B-12151030F8F7}.Release|x64.Build.0 = Release|Any CPU
		{FA671E6B-7CF9-4A47-AB8B-12151030F8F7}.Release|x86.ActiveCfg = Release|Any CPU
		{FA671E6B-7CF9-4A47-AB8B-12151030F8F7}.Release|x86.Build.0 = Release|Any CPU
		{CE05CB42-1661-4E84-A981-6FDA412885A7}.Debug|Any CPU.ActiveCfg = Debug|Any CPU
		{CE05CB42-1661-4E84-A981-6FDA412885A7}.Debug|Any CPU.Build.0 = Debug|Any CPU
		{CE05CB42-1661-4E84-A981-6FDA412885A7}.Debug|x64.ActiveCfg = Debug|Any CPU
		{CE05CB42-1661-4E84-A981-6FDA412885A7}.Debug|x64.Build.0 = Debug|Any CPU
		{CE05CB42-1661-4E84-A981-6FDA412885A7}.Debug|x86.ActiveCfg = Debug|Any CPU
		{CE05CB42-1661-4E84-A981-6FDA412885A7}.Debug|x86.Build.0 = Debug|Any CPU
		{CE05CB42-1661-4E84-A981-6FDA412885A7}.Release|Any CPU.ActiveCfg = Release|Any CPU
		{CE05CB42-1661-4E84-A981-6FDA412885A7}.Release|Any CPU.Build.0 = Release|Any CPU
		{CE05CB42-1661-4E84-A981-6FDA412885A7}.Release|x64.ActiveCfg = Release|Any CPU
		{CE05CB42-1661-4E84-A981-6FDA412885A7}.Release|x64.Build.0 = Release|Any CPU
		{CE05CB42-1661-4E84-A981-6FDA412885A7}.Release|x86.ActiveCfg = Release|Any CPU
		{CE05CB42-1661-4E84-A981-6FDA412885A7}.Release|x86.Build.0 = Release|Any CPU
		{AA879DF0-313F-49B3-AEEA-77E6AC597F26}.Debug|Any CPU.ActiveCfg = Debug|Any CPU
		{AA879DF0-313F-49B3-AEEA-77E6AC597F26}.Debug|Any CPU.Build.0 = Debug|Any CPU
		{AA879DF0-313F-49B3-AEEA-77E6AC597F26}.Debug|x64.ActiveCfg = Debug|Any CPU
		{AA879DF0-313F-49B3-AEEA-77E6AC597F26}.Debug|x64.Build.0 = Debug|Any CPU
		{AA879DF0-313F-49B3-AEEA-77E6AC597F26}.Debug|x86.ActiveCfg = Debug|Any CPU
		{AA879DF0-313F-49B3-AEEA-77E6AC597F26}.Debug|x86.Build.0 = Debug|Any CPU
		{AA879DF0-313F-49B3-AEEA-77E6AC597F26}.Release|Any CPU.ActiveCfg = Release|Any CPU
		{AA879DF0-313F-49B3-AEEA-77E6AC597F26}.Release|Any CPU.Build.0 = Release|Any CPU
		{AA879DF0-313F-49B3-AEEA-77E6AC597F26}.Release|x64.ActiveCfg = Release|Any CPU
		{AA879DF0-313F-49B3-AEEA-77E6AC597F26}.Release|x64.Build.0 = Release|Any CPU
		{AA879DF0-313F-49B3-AEEA-77E6AC597F26}.Release|x86.ActiveCfg = Release|Any CPU
		{AA879DF0-313F-49B3-AEEA-77E6AC597F26}.Release|x86.Build.0 = Release|Any CPU
		{8A414CC6-2515-4E91-AB92-6840A60258D2}.Debug|Any CPU.ActiveCfg = Debug|Any CPU
		{8A414CC6-2515-4E91-AB92-6840A60258D2}.Debug|Any CPU.Build.0 = Debug|Any CPU
		{8A414CC6-2515-4E91-AB92-6840A60258D2}.Debug|x64.ActiveCfg = Debug|Any CPU
		{8A414CC6-2515-4E91-AB92-6840A60258D2}.Debug|x64.Build.0 = Debug|Any CPU
		{8A414CC6-2515-4E91-AB92-6840A60258D2}.Debug|x86.ActiveCfg = Debug|Any CPU
		{8A414CC6-2515-4E91-AB92-6840A60258D2}.Debug|x86.Build.0 = Debug|Any CPU
		{8A414CC6-2515-4E91-AB92-6840A60258D2}.Release|Any CPU.ActiveCfg = Release|Any CPU
		{8A414CC6-2515-4E91-AB92-6840A60258D2}.Release|Any CPU.Build.0 = Release|Any CPU
		{8A414CC6-2515-4E91-AB92-6840A60258D2}.Release|x64.ActiveCfg = Release|Any CPU
		{8A414CC6-2515-4E91-AB92-6840A60258D2}.Release|x64.Build.0 = Release|Any CPU
		{8A414CC6-2515-4E91-AB92-6840A60258D2}.Release|x86.ActiveCfg = Release|Any CPU
		{8A414CC6-2515-4E91-AB92-6840A60258D2}.Release|x86.Build.0 = Release|Any CPU
		{C10B1F37-E31A-49C3-96F4-D84B9DD9FCAF}.Debug|Any CPU.ActiveCfg = Debug|Any CPU
		{C10B1F37-E31A-49C3-96F4-D84B9DD9FCAF}.Debug|Any CPU.Build.0 = Debug|Any CPU
		{C10B1F37-E31A-49C3-96F4-D84B9DD9FCAF}.Debug|x64.ActiveCfg = Debug|Any CPU
		{C10B1F37-E31A-49C3-96F4-D84B9DD9FCAF}.Debug|x64.Build.0 = Debug|Any CPU
		{C10B1F37-E31A-49C3-96F4-D84B9DD9FCAF}.Debug|x86.ActiveCfg = Debug|Any CPU
		{C10B1F37-E31A-49C3-96F4-D84B9DD9FCAF}.Debug|x86.Build.0 = Debug|Any CPU
		{C10B1F37-E31A-49C3-96F4-D84B9DD9FCAF}.Release|Any CPU.ActiveCfg = Release|Any CPU
		{C10B1F37-E31A-49C3-96F4-D84B9DD9FCAF}.Release|Any CPU.Build.0 = Release|Any CPU
		{C10B1F37-E31A-49C3-96F4-D84B9DD9FCAF}.Release|x64.ActiveCfg = Release|Any CPU
		{C10B1F37-E31A-49C3-96F4-D84B9DD9FCAF}.Release|x64.Build.0 = Release|Any CPU
		{C10B1F37-E31A-49C3-96F4-D84B9DD9FCAF}.Release|x86.ActiveCfg = Release|Any CPU
		{C10B1F37-E31A-49C3-96F4-D84B9DD9FCAF}.Release|x86.Build.0 = Release|Any CPU
		{EA27CAE1-DBB8-4AC7-8F49-C942B5E09C93}.Debug|Any CPU.ActiveCfg = Debug|Any CPU
		{EA27CAE1-DBB8-4AC7-8F49-C942B5E09C93}.Debug|Any CPU.Build.0 = Debug|Any CPU
		{EA27CAE1-DBB8-4AC7-8F49-C942B5E09C93}.Debug|x64.ActiveCfg = Debug|Any CPU
		{EA27CAE1-DBB8-4AC7-8F49-C942B5E09C93}.Debug|x64.Build.0 = Debug|Any CPU
		{EA27CAE1-DBB8-4AC7-8F49-C942B5E09C93}.Debug|x86.ActiveCfg = Debug|Any CPU
		{EA27CAE1-DBB8-4AC7-8F49-C942B5E09C93}.Debug|x86.Build.0 = Debug|Any CPU
		{EA27CAE1-DBB8-4AC7-8F49-C942B5E09C93}.Release|Any CPU.ActiveCfg = Release|Any CPU
		{EA27CAE1-DBB8-4AC7-8F49-C942B5E09C93}.Release|Any CPU.Build.0 = Release|Any CPU
		{EA27CAE1-DBB8-4AC7-8F49-C942B5E09C93}.Release|x64.ActiveCfg = Release|Any CPU
		{EA27CAE1-DBB8-4AC7-8F49-C942B5E09C93}.Release|x64.Build.0 = Release|Any CPU
		{EA27CAE1-DBB8-4AC7-8F49-C942B5E09C93}.Release|x86.ActiveCfg = Release|Any CPU
		{EA27CAE1-DBB8-4AC7-8F49-C942B5E09C93}.Release|x86.Build.0 = Release|Any CPU
		{426AB930-1363-4A69-991C-52221D88C9B5}.Debug|Any CPU.ActiveCfg = Debug|Any CPU
		{426AB930-1363-4A69-991C-52221D88C9B5}.Debug|Any CPU.Build.0 = Debug|Any CPU
		{426AB930-1363-4A69-991C-52221D88C9B5}.Debug|x64.ActiveCfg = Debug|Any CPU
		{426AB930-1363-4A69-991C-52221D88C9B5}.Debug|x64.Build.0 = Debug|Any CPU
		{426AB930-1363-4A69-991C-52221D88C9B5}.Debug|x86.ActiveCfg = Debug|Any CPU
		{426AB930-1363-4A69-991C-52221D88C9B5}.Debug|x86.Build.0 = Debug|Any CPU
		{426AB930-1363-4A69-991C-52221D88C9B5}.Release|Any CPU.ActiveCfg = Release|Any CPU
		{426AB930-1363-4A69-991C-52221D88C9B5}.Release|Any CPU.Build.0 = Release|Any CPU
		{426AB930-1363-4A69-991C-52221D88C9B5}.Release|x64.ActiveCfg = Release|Any CPU
		{426AB930-1363-4A69-991C-52221D88C9B5}.Release|x64.Build.0 = Release|Any CPU
		{426AB930-1363-4A69-991C-52221D88C9B5}.Release|x86.ActiveCfg = Release|Any CPU
		{426AB930-1363-4A69-991C-52221D88C9B5}.Release|x86.Build.0 = Release|Any CPU
		{8C922EEB-ACBE-4066-BE55-A58198BF634E}.Debug|Any CPU.ActiveCfg = Debug|Any CPU
		{8C922EEB-ACBE-4066-BE55-A58198BF634E}.Debug|Any CPU.Build.0 = Debug|Any CPU
		{8C922EEB-ACBE-4066-BE55-A58198BF634E}.Debug|x64.ActiveCfg = Debug|Any CPU
		{8C922EEB-ACBE-4066-BE55-A58198BF634E}.Debug|x64.Build.0 = Debug|Any CPU
		{8C922EEB-ACBE-4066-BE55-A58198BF634E}.Debug|x86.ActiveCfg = Debug|Any CPU
		{8C922EEB-ACBE-4066-BE55-A58198BF634E}.Debug|x86.Build.0 = Debug|Any CPU
		{8C922EEB-ACBE-4066-BE55-A58198BF634E}.Release|Any CPU.ActiveCfg = Release|Any CPU
		{8C922EEB-ACBE-4066-BE55-A58198BF634E}.Release|Any CPU.Build.0 = Release|Any CPU
		{8C922EEB-ACBE-4066-BE55-A58198BF634E}.Release|x64.ActiveCfg = Release|Any CPU
		{8C922EEB-ACBE-4066-BE55-A58198BF634E}.Release|x64.Build.0 = Release|Any CPU
		{8C922EEB-ACBE-4066-BE55-A58198BF634E}.Release|x86.ActiveCfg = Release|Any CPU
		{8C922EEB-ACBE-4066-BE55-A58198BF634E}.Release|x86.Build.0 = Release|Any CPU
	EndGlobalSection
	GlobalSection(SolutionProperties) = preSolution
		HideSolutionNode = FALSE
	EndGlobalSection
	GlobalSection(NestedProjects) = preSolution
		{FF8A4A44-A470-4100-8FB6-51CF9352B88F} = {4DAEB1F6-AA47-45CB-9749-5876DC010ACB}
		{CED977F3-616E-47C4-B666-7F7F8331DBFA} = {F1D6EFF6-8E02-419D-B717-7FDDB6A232D4}
		{22E7413C-2A63-424B-B36C-2BED48EC3154} = {F1D6EFF6-8E02-419D-B717-7FDDB6A232D4}
		{FA671E6B-7CF9-4A47-AB8B-12151030F8F7} = {EEDBEBB3-CA58-4585-B5A0-4FF5EDDC9CD7}
		{CE05CB42-1661-4E84-A981-6FDA412885A7} = {4DAEB1F6-AA47-45CB-9749-5876DC010ACB}
		{AA879DF0-313F-49B3-AEEA-77E6AC597F26} = {4DAEB1F6-AA47-45CB-9749-5876DC010ACB}
		{8A414CC6-2515-4E91-AB92-6840A60258D2} = {6C876BF1-55A9-44AE-BBD3-AF1CBF26D650}
		{C10B1F37-E31A-49C3-96F4-D84B9DD9FCAF} = {4DAEB1F6-AA47-45CB-9749-5876DC010ACB}
		{EA27CAE1-DBB8-4AC7-8F49-C942B5E09C93} = {EEDBEBB3-CA58-4585-B5A0-4FF5EDDC9CD7}
		{426AB930-1363-4A69-991C-52221D88C9B5} = {6C876BF1-55A9-44AE-BBD3-AF1CBF26D650}
		{8C922EEB-ACBE-4066-BE55-A58198BF634E} = {6C876BF1-55A9-44AE-BBD3-AF1CBF26D650}
	EndGlobalSection
	GlobalSection(ExtensibilityGlobals) = postSolution
		SolutionGuid = {47B2FF3E-1454-4B93-A473-A830389EAA6C}
	EndGlobalSection
EndGlobal
